{
  "name": "personal-site",
  "version": "1.0.0",
  "lockfileVersion": 1,
  "requires": true,
  "dependencies": {
    "@patternfly/pfe-band": {
      "version": "1.0.0-prerelease.40",
      "resolved": "https://registry.npmjs.org/@patternfly/pfe-band/-/pfe-band-1.0.0-prerelease.40.tgz",
      "integrity": "sha512-mzpcb+EpZnEviPAEFOwSBKV15sabnp8Vqh1Hb3/M9owl9IGZb4mW58pme7Hn9euqAeMxyejp1CQkgy/eN3lROA==",
      "requires": {
        "@patternfly/pfe-sass": "^1.0.0-prerelease.40",
        "@patternfly/pfelement": "^1.0.0-prerelease.39"
      }
    },
    "@patternfly/pfe-card": {
      "version": "1.0.0-prerelease.40",
      "resolved": "https://registry.npmjs.org/@patternfly/pfe-card/-/pfe-card-1.0.0-prerelease.40.tgz",
      "integrity": "sha512-W4IMrfnGk0lquyj0jM4Obd+ZKHfmRJy/K3JUJtt1FpgcD9FQCU9UXgHn8QyobR5LDSi6NOeh4vyV7zNOpnhjyg==",
      "requires": {
        "@patternfly/pfe-sass": "^1.0.0-prerelease.40",
        "@patternfly/pfelement": "^1.0.0-prerelease.39"
      }
    },
    "@patternfly/pfe-cta": {
      "version": "1.0.0-prerelease.40",
      "resolved": "https://registry.npmjs.org/@patternfly/pfe-cta/-/pfe-cta-1.0.0-prerelease.40.tgz",
      "integrity": "sha512-X8Q+tRdo7Mnf/8b+MeW9Z6EjuKeK5Ewtdic8BhyAXl96NJC/AEAOT+ntDo2zY4H7YY8l5WoqjLCn8oe4E9q4gg==",
      "requires": {
        "@patternfly/pfe-sass": "^1.0.0-prerelease.40",
        "@patternfly/pfelement": "^1.0.0-prerelease.39"
      }
    },
    "@patternfly/pfe-icon": {
      "version": "1.0.0-prerelease.40",
      "resolved": "https://registry.npmjs.org/@patternfly/pfe-icon/-/pfe-icon-1.0.0-prerelease.40.tgz",
      "integrity": "sha512-fb0wvvpGgH3QyqM70hrWE65Hb+oHbIqjX9H36ZOfymx6eoARDki5yQmC0RsEyAQBqvO+JBrknnOuUJPamX/c2g==",
      "requires": {
        "@patternfly/pfe-sass": "^1.0.0-prerelease.40",
        "@patternfly/pfelement": "^1.0.0-prerelease.39"
      }
    },
    "@patternfly/pfe-sass": {
      "version": "1.0.0-prerelease.40",
      "resolved": "https://registry.npmjs.org/@patternfly/pfe-sass/-/pfe-sass-1.0.0-prerelease.40.tgz",
      "integrity": "sha512-TV+/ve5nzV7xd6bECP5HRry5ZgkSdZNOJ3U/DAKUia85gkwE+mC9w5E8rQc3VL8C9Y5yCAYsy0kiaEguiODIrQ=="
    },
    "@patternfly/pfe-styles": {
      "version": "1.0.0-prerelease.40",
      "resolved": "https://registry.npmjs.org/@patternfly/pfe-styles/-/pfe-styles-1.0.0-prerelease.40.tgz",
      "integrity": "sha512-AKX8alX66HcSjw7kjICj7YwCGqA2ZcN0JxvU+rUyqQSK/VSq5bNpRe11m3Tky8fruLNDJkCIcEBwuBJNre0EJg==",
      "requires": {
        "@patternfly/pfe-sass": "^1.0.0-prerelease.40"
      }
    },
    "@patternfly/pfelement": {
      "version": "1.0.0-prerelease.39",
      "resolved": "https://registry.npmjs.org/@patternfly/pfelement/-/pfelement-1.0.0-prerelease.39.tgz",
      "integrity": "sha512-bsgp9eyTrd4oZFuAuwdy2fZS9nPhiuXUkqbh9u9yFAMKaKoGeKCCYRoitMm0lEOH9/FF1BiNsHNN6qUrNJs8eQ=="
    }
  }
}
